
Microsoft Visual Studio Solution File, Format Version 12.00
# Visual Studio 15
VisualStudioVersion = 15.0.28010.2016
MinimumVisualStudioVersion = 10.0.40219.1
Project("{FAE04EC0-301F-11D3-BF4B-00C04F79EFBC}") = "CompareOddsAndEvens", "CompareOddsAndEvens\CompareOddsAndEvens.csproj", "{1BA3B77E-3826-4219-8E86-216671D1A111}"
EndProject
Global
	GlobalSection(SolutionConfigurationPlatforms) = preSolution
		Debug|Any CPU = Debug|Any CPU
		Release|Any CPU = Release|Any CPU
	EndGlobalSection
	GlobalSection(ProjectConfigurationPlatforms) = postSolution
		{1BA3B77E-3826-4219-8E86-216671D1A111}.Debug|Any CPU.ActiveCfg = Debug|Any CPU
		{1BA3B77E-3826-4219-8E86-216671D1A111}.Debug|Any CPU.Build.0 = Debug|Any CPU
		{1BA3B77E-3826-4219-8E86-216671D1A111}.Release|Any CPU.ActiveCfg = Release|Any CPU
		{1BA3B77E-3826-4219-8E86-216671D1A111}.Release|Any CPU.Build.0 = Release|Any CPU
	EndGlobalSection
	GlobalSection(SolutionProperties) = preSolution
		HideSolutionNode = FALSE
	EndGlobalSection
	GlobalSection(ExtensibilityGlobals) = postSolution
		SolutionGuid = {12AEDA65-F534-433D-9AD3-15C56B8AAFCD}
	EndGlobalSection
EndGlobal
