
Microsoft Visual Studio Solution File, Format Version 12.00
# Visual Studio 15
VisualStudioVersion = 15.0.28010.2016
MinimumVisualStudioVersion = 10.0.40219.1
Project("{FAE04EC0-301F-11D3-BF4B-00C04F79EFBC}") = "BiggestNumberofThree", "BiggestNumberofThree\BiggestNumberofThree.csproj", "{06696FA0-31FF-4987-A4E7-61F83408706C}"
EndProject
Global
	GlobalSection(SolutionConfigurationPlatforms) = preSolution
		Debug|Any CPU = Debug|Any CPU
		Release|Any CPU = Release|Any CPU
	EndGlobalSection
	GlobalSection(ProjectConfigurationPlatforms) = postSolution
		{06696FA0-31FF-4987-A4E7-61F83408706C}.Debug|Any CPU.ActiveCfg = Debug|Any CPU
		{06696FA0-31FF-4987-A4E7-61F83408706C}.Debug|Any CPU.Build.0 = Debug|Any CPU
		{06696FA0-31FF-4987-A4E7-61F83408706C}.Release|Any CPU.ActiveCfg = Release|Any CPU
		{06696FA0-31FF-4987-A4E7-61F83408706C}.Release|Any CPU.Build.0 = Release|Any CPU
	EndGlobalSection
	GlobalSection(SolutionProperties) = preSolution
		HideSolutionNode = FALSE
	EndGlobalSection
	GlobalSection(ExtensibilityGlobals) = postSolution
		SolutionGuid = {3A23420B-7BE8-4DBC-A384-E15BA4EF0084}
	EndGlobalSection
EndGlobal
